{
  "name": "leannes-learners",
  "lockfileVersion": 2,
  "requires": true,
  "packages": {
    "": {
      "dependencies": {
        "summernote-image-attributes-editor": "^1.2.1"
      }
    },
    "node_modules/summernote-image-attributes-editor": {
      "version": "1.2.1",
      "resolved": "https://registry.npmjs.org/summernote-image-attributes-editor/-/summernote-image-attributes-editor-1.2.1.tgz",
      "integrity": "sha512-p3jTX+BvumrUiwaa/NianbIh5nWWoF+Ov26F73CGX/EncA4nb4RQPQkem0+xwX8QiBVNJr4sNsFTyhmcDMzFig=="
    }
  },
  "dependencies": {
    "summernote-image-attributes-editor": {
      "version": "1.2.1",
      "resolved": "https://registry.npmjs.org/summernote-image-attributes-editor/-/summernote-image-attributes-editor-1.2.1.tgz",
      "integrity": "sha512-p3jTX+BvumrUiwaa/NianbIh5nWWoF+Ov26F73CGX/EncA4nb4RQPQkem0+xwX8QiBVNJr4sNsFTyhmcDMzFig=="
    }
  }
}
